<?xml version="1.0" encoding="UTF-8"?>
<CONFIG>
  <ProjectOptions>
    <Version Value="12"/>
    <PathDelim Value="\"/>
    <General>
      <Flags>
        <AlwaysBuild Value="True"/>
        <CompatibilityMode Value="True"/>
      </Flags>
      <Title Value="project1"/>
      <Scaled Value="True"/>
      <ResourceType Value="res"/>
      <UseXPManifest Value="True"/>
      <XPManifest>
        <DpiAware Value="True/PM"/>
      </XPManifest>
      <Icon Value="0"/>
    </General>
    <VersionInfo>
      <UseVersionInfo Value="True"/>
      <AutoIncrementBuild Value="True"/>
      <MinorVersionNr Value="1"/>
      <RevisionNr Value="2"/>
      <BuildNr Value="2"/>
      <Attributes pvaDebug="True"/>
    </VersionInfo>
    <BuildModes Count="3" Active="Debug">
      <Item1 Name="Debug" Default="True"/>
      <Item2 Name="debug_strong">
        <CompilerOptions>
          <Version Value="11"/>
          <PathDelim Value="\"/>
          <Target>
            <Filename Value="debug/project1_strong"/>
          </Target>
          <SearchPaths>
            <IncludeFiles Value="$(ProjOutDir)"/>
            <UnitOutputDirectory Value="lib\$(TargetCPU)-$(TargetOS)"/>
          </SearchPaths>
          <Parsing>
            <SyntaxOptions>
              <IncludeAssertionCode Value="True"/>
            </SyntaxOptions>
          </Parsing>
          <CodeGeneration>
            <Checks>
              <IOChecks Value="True"/>
              <RangeChecks Value="True"/>
              <OverflowChecks Value="True"/>
              <StackChecks Value="True"/>
            </Checks>
            <VerifyObjMethodCallValidity Value="True"/>
          </CodeGeneration>
          <Linking>
            <Debugging>
              <DebugInfoType Value="dsDwarf3"/>
              <UseHeaptrc Value="True"/>
            </Debugging>
            <Options>
              <Win32>
                <GraphicApplication Value="True"/>
              </Win32>
            </Options>
          </Linking>
        </CompilerOptions>
      </Item2>
      <Item3 Name="Release">
        <CompilerOptions>
          <Version Value="11"/>
          <PathDelim Value="\"/>
          <Target>
            <Filename Value="release/project1"/>
          </Target>
          <SearchPaths>
            <IncludeFiles Value="$(ProjOutDir)"/>
            <UnitOutputDirectory Value="lib\$(TargetCPU)-$(TargetOS)"/>
          </SearchPaths>
          <CodeGeneration>
            <SmartLinkUnit Value="True"/>
            <Optimizations>
              <OptimizationLevel Value="3"/>
            </Optimizations>
          </CodeGeneration>
          <Linking>
            <Debugging>
              <GenerateDebugInfo Value="False"/>
            </Debugging>
            <LinkSmart Value="True"/>
            <Options>
              <Win32>
                <GraphicApplication Value="True"/>
              </Win32>
            </Options>
          </Linking>
        </CompilerOptions>
      </Item3>
    </BuildModes>
    <PublishOptions>
      <Version Value="2"/>
      <DestinationDirectory Value="$(ProjPath)\published\"/>
      <UseFileFilters Value="True"/>
      <FileFilter Value="*.(pas|pp|inc|lpr|lfm|lrs|lpi|lpk|xml|sh|ico)"/>
    </PublishOptions>
    <RunParams>
      <FormatVersion Value="2"/>
    </RunParams>
    <RequiredPackages Count="1">
      <Item1>
        <PackageName Value="LCL"/>
      </Item1>
    </RequiredPackages>
    <Units Count="4">
      <Unit0>
        <Filename Value="project1.lpr"/>
        <IsPartOfProject Value="True"/>
        <UsageCount Value="21"/>
      </Unit0>
      <Unit1>
        <Filename Value="uphonesedit.pas"/>
        <IsPartOfProject Value="True"/>
        <ComponentName Value="frmPhonesEdit"/>
        <HasResources Value="True"/>
        <ResourceBaseClass Value="Form"/>
        <IsVisibleTab Value="True"/>
        <TopLine Value="210"/>
        <CursorPos X="28" Y="221"/>
        <UsageCount Value="21"/>
        <Loaded Value="True"/>
        <LoadedDesigner Value="True"/>
      </Unit1>
      <Unit2>
        <Filename Value="uphonespanelframe.pas"/>
        <IsPartOfProject Value="True"/>
        <ComponentName Value="frPhonesPnl"/>
        <HasResources Value="True"/>
        <ResourceBaseClass Value="Frame"/>
        <EditorIndex Value="1"/>
        <TopLine Value="35"/>
        <CursorPos Y="43"/>
        <UsageCount Value="21"/>
        <Loaded Value="True"/>
        <LoadedDesigner Value="True"/>
      </Unit2>
      <Unit3>
        <Filename Value="..\leybasoft_base_br\umain.pas"/>
        <ComponentName Value="frmMain"/>
        <HasResources Value="True"/>
        <ResourceBaseClass Value="Form"/>
        <EditorIndex Value="-1"/>
        <TopLine Value="1513"/>
        <CursorPos X="41" Y="1519"/>
        <UsageCount Value="10"/>
      </Unit3>
    </Units>
    <Debugger>
      <Backend Value="{B03F610B-0B41-4F4B-816D-5925DEAA0040}"/>
    </Debugger>
    <JumpHistory Count="8" HistoryIndex="7">
      <Position1>
        <Filename Value="uphonespanelframe.pas"/>
      </Position1>
      <Position2>
        <Filename Value="uphonespanelframe.pas"/>
        <Caret Line="46" Column="37" TopLine="37"/>
      </Position2>
      <Position3>
        <Filename Value="uphonespanelframe.pas"/>
        <Caret Line="43" TopLine="37"/>
      </Position3>
      <Position4>
        <Filename Value="uphonespanelframe.pas"/>
        <Caret Line="46" Column="25" TopLine="37"/>
      </Position4>
      <Position5>
        <Filename Value="uphonesedit.pas"/>
        <Caret Line="74" Column="48" TopLine="111"/>
      </Position5>
      <Position6>
        <Filename Value="uphonesedit.pas"/>
        <Caret Line="53" Column="121" TopLine="115"/>
      </Position6>
      <Position7>
        <Filename Value="uphonesedit.pas"/>
        <Caret Line="54" Column="15" TopLine="44"/>
      </Position7>
      <Position8>
        <Filename Value="uphonesedit.pas"/>
        <Caret Line="55" Column="84" TopLine="49"/>
      </Position8>
    </JumpHistory>
  </ProjectOptions>
  <CompilerOptions>
    <Version Value="11"/>
    <PathDelim Value="\"/>
    <Target>
      <Filename Value="debug/project1"/>
    </Target>
    <SearchPaths>
      <IncludeFiles Value="$(ProjOutDir)"/>
      <UnitOutputDirectory Value="lib\$(TargetCPU)-$(TargetOS)"/>
    </SearchPaths>
    <Parsing>
      <SyntaxOptions>
        <IncludeAssertionCode Value="True"/>
      </SyntaxOptions>
    </Parsing>
    <CodeGeneration>
      <Checks>
        <IOChecks Value="True"/>
        <RangeChecks Value="True"/>
        <OverflowChecks Value="True"/>
        <StackChecks Value="True"/>
      </Checks>
      <VerifyObjMethodCallValidity Value="True"/>
    </CodeGeneration>
    <Linking>
      <Debugging>
        <DebugInfoType Value="dsDwarf3"/>
        <UseExternalDbgSyms Value="True"/>
      </Debugging>
      <Options>
        <Win32>
          <GraphicApplication Value="True"/>
        </Win32>
      </Options>
    </Linking>
  </CompilerOptions>
</CONFIG>
