<?xml version="1.0" encoding="UTF-8"?>
<CONFIG>
  <ProjectOptions>
    <Version Value="12"/>
    <PathDelim Value="\"/>
    <General>
      <Flags>
        <AlwaysBuild Value="True"/>
        <CompatibilityMode Value="True"/>
      </Flags>
      <Title Value="project1"/>
      <Scaled Value="True"/>
      <ResourceType Value="res"/>
      <UseXPManifest Value="True"/>
      <XPManifest>
        <DpiAware Value="True/PM"/>
      </XPManifest>
      <Icon Value="0"/>
    </General>
    <VersionInfo>
      <UseVersionInfo Value="True"/>
      <AutoIncrementBuild Value="True"/>
      <MinorVersionNr Value="1"/>
      <RevisionNr Value="11"/>
      <BuildNr Value="31"/>
      <Attributes pvaDebug="True"/>
    </VersionInfo>
    <BuildModes Count="3" Active="Debug">
      <Item1 Name="Debug" Default="True"/>
      <Item2 Name="debug_strong">
        <CompilerOptions>
          <Version Value="11"/>
          <PathDelim Value="\"/>
          <Target>
            <Filename Value="debug/project1_strong"/>
          </Target>
          <SearchPaths>
            <IncludeFiles Value="$(ProjOutDir)"/>
            <UnitOutputDirectory Value="lib\$(TargetCPU)-$(TargetOS)"/>
          </SearchPaths>
          <Parsing>
            <SyntaxOptions>
              <IncludeAssertionCode Value="True"/>
            </SyntaxOptions>
          </Parsing>
          <CodeGeneration>
            <Checks>
              <IOChecks Value="True"/>
              <RangeChecks Value="True"/>
              <OverflowChecks Value="True"/>
              <StackChecks Value="True"/>
            </Checks>
            <VerifyObjMethodCallValidity Value="True"/>
          </CodeGeneration>
          <Linking>
            <Debugging>
              <DebugInfoType Value="dsDwarf3"/>
              <UseHeaptrc Value="True"/>
            </Debugging>
            <Options>
              <Win32>
                <GraphicApplication Value="True"/>
              </Win32>
            </Options>
          </Linking>
        </CompilerOptions>
      </Item2>
      <Item3 Name="Release">
        <CompilerOptions>
          <Version Value="11"/>
          <PathDelim Value="\"/>
          <Target>
            <Filename Value="release/project1"/>
          </Target>
          <SearchPaths>
            <IncludeFiles Value="$(ProjOutDir)"/>
            <UnitOutputDirectory Value="lib\$(TargetCPU)-$(TargetOS)"/>
          </SearchPaths>
          <CodeGeneration>
            <SmartLinkUnit Value="True"/>
            <Optimizations>
              <OptimizationLevel Value="3"/>
            </Optimizations>
          </CodeGeneration>
          <Linking>
            <Debugging>
              <GenerateDebugInfo Value="False"/>
            </Debugging>
            <LinkSmart Value="True"/>
            <Options>
              <Win32>
                <GraphicApplication Value="True"/>
              </Win32>
            </Options>
          </Linking>
        </CompilerOptions>
      </Item3>
    </BuildModes>
    <PublishOptions>
      <Version Value="2"/>
      <DestinationDirectory Value="$(ProjPath)\published\"/>
      <UseFileFilters Value="True"/>
      <FileFilter Value="*.(pas|pp|inc|lpr|lfm|lrs|lpi|lpk|xml|sh|ico)"/>
    </PublishOptions>
    <RunParams>
      <FormatVersion Value="2"/>
    </RunParams>
    <RequiredPackages Count="5">
      <Item1>
        <PackageName Value="rxnew"/>
      </Item1>
      <Item2>
        <PackageName Value="MemDSLaz"/>
      </Item2>
      <Item3>
        <PackageName Value="FCL"/>
      </Item3>
      <Item4>
        <PackageName Value="ibexpress"/>
      </Item4>
      <Item5>
        <PackageName Value="LCL"/>
      </Item5>
    </RequiredPackages>
    <Units Count="23">
      <Unit0>
        <Filename Value="project1.lpr"/>
        <IsPartOfProject Value="True"/>
        <EditorIndex Value="-1"/>
        <TopLine Value="10"/>
        <CursorPos X="73" Y="13"/>
        <UsageCount Value="193"/>
      </Unit0>
      <Unit1>
        <Filename Value="uphonesedit.pas"/>
        <IsPartOfProject Value="True"/>
        <ComponentName Value="frmPhonesEdit"/>
        <HasResources Value="True"/>
        <ResourceBaseClass Value="Form"/>
        <IsVisibleTab Value="True"/>
        <TopLine Value="411"/>
        <CursorPos X="41" Y="423"/>
        <UsageCount Value="193"/>
        <Bookmarks Count="2">
          <Item0 X="59" Y="725"/>
          <Item1 X="6" Y="367" ID="1"/>
        </Bookmarks>
        <Loaded Value="True"/>
        <LoadedDesigner Value="True"/>
      </Unit1>
      <Unit2>
        <Filename Value="uphonespanelframe.pas"/>
        <IsPartOfProject Value="True"/>
        <ComponentName Value="frPhonesPnl"/>
        <HasResources Value="True"/>
        <ResourceBaseClass Value="Frame"/>
        <EditorIndex Value="3"/>
        <TopLine Value="27"/>
        <CursorPos X="56" Y="36"/>
        <UsageCount Value="193"/>
        <Loaded Value="True"/>
        <LoadedDesigner Value="True"/>
      </Unit2>
      <Unit3>
        <Filename Value="..\leybasoft_base_br\umain.pas"/>
        <ComponentName Value="frmMain"/>
        <HasResources Value="True"/>
        <ResourceBaseClass Value="Form"/>
        <EditorIndex Value="-1"/>
        <TopLine Value="1513"/>
        <CursorPos X="41" Y="1519"/>
        <UsageCount Value="3"/>
      </Unit3>
      <Unit4>
        <Filename Value="C:\laz_new\ccr\ibx_rik\runtime\IBDatabase.pas"/>
        <EditorIndex Value="-1"/>
        <TopLine Value="1119"/>
        <CursorPos Y="1126"/>
        <UsageCount Value="3"/>
      </Unit4>
      <Unit5>
        <Filename Value="uselectcountryframe.pas"/>
        <ComponentName Value="frSelectCountry"/>
        <ResourceBaseClass Value="Frame"/>
        <EditorIndex Value="-1"/>
        <UsageCount Value="13"/>
      </Unit5>
      <Unit6>
        <Filename Value="uselectcountrycode.pas"/>
        <IsPartOfProject Value="True"/>
        <ComponentName Value="frmSelectCountry"/>
        <HasResources Value="True"/>
        <ResourceBaseClass Value="Form"/>
        <EditorIndex Value="1"/>
        <TopLine Value="128"/>
        <CursorPos X="3" Y="134"/>
        <UsageCount Value="187"/>
        <Loaded Value="True"/>
        <LoadedDesigner Value="True"/>
      </Unit6>
      <Unit7>
        <Filename Value="C:\laz_new\ccr\ibx_rik\runtime\IBQuery.pas"/>
        <EditorIndex Value="-1"/>
        <UsageCount Value="3"/>
      </Unit7>
      <Unit8>
        <Filename Value="C:\laz_new\ccr\ibx_rik\runtime\IBCustomDataSet.pas"/>
        <EditorIndex Value="-1"/>
        <TopLine Value="4692"/>
        <CursorPos X="3" Y="4701"/>
        <UsageCount Value="10"/>
      </Unit8>
      <Unit9>
        <Filename Value="C:\laz_new\fpcsrc\packages\fcl-db\src\base\db.pas"/>
        <UnitName Value="DB"/>
        <EditorIndex Value="-1"/>
        <TopLine Value="1491"/>
        <CursorPos X="3" Y="1498"/>
        <UsageCount Value="25"/>
      </Unit9>
      <Unit10>
        <Filename Value="C:\laz_new\ccr\ibx_rik\runtime\IB.pas"/>
        <EditorIndex Value="-1"/>
        <TopLine Value="402"/>
        <CursorPos Y="408"/>
        <UsageCount Value="5"/>
      </Unit10>
      <Unit11>
        <Filename Value="C:\laz_new\lazarus\lcl\include\customform.inc"/>
        <EditorIndex Value="-1"/>
        <TopLine Value="2934"/>
        <CursorPos X="3" Y="2940"/>
        <UsageCount Value="3"/>
      </Unit11>
      <Unit12>
        <Filename Value="uselectregioncode.pas"/>
        <IsPartOfProject Value="True"/>
        <ComponentName Value="frmSelectRegion"/>
        <HasResources Value="True"/>
        <ResourceBaseClass Value="Form"/>
        <EditorIndex Value="2"/>
        <TopLine Value="329"/>
        <CursorPos X="101" Y="341"/>
        <UsageCount Value="160"/>
        <Bookmarks Count="3">
          <Item0 X="9" Y="182" ID="4"/>
          <Item1 X="12" Y="240" ID="3"/>
          <Item2 Y="286" ID="2"/>
        </Bookmarks>
        <Loaded Value="True"/>
        <LoadedDesigner Value="True"/>
      </Unit12>
      <Unit13>
        <Filename Value="C:\laz_new\fpcsrc\packages\fcl-db\src\memds\memds.pp"/>
        <EditorIndex Value="-1"/>
        <TopLine Value="133"/>
        <CursorPos X="3" Y="51"/>
        <UsageCount Value="5"/>
      </Unit13>
      <Unit14>
        <Filename Value="C:\laz_new\lazarus\lcl\include\control.inc"/>
        <EditorIndex Value="-1"/>
        <TopLine Value="3584"/>
        <CursorPos Y="3591"/>
        <UsageCount Value="7"/>
      </Unit14>
      <Unit15>
        <Filename Value="C:\laz_new\lazarus\lcl\lcltype.pp"/>
        <UnitName Value="LCLType"/>
        <EditorIndex Value="-1"/>
        <TopLine Value="67"/>
        <CursorPos X="3" Y="73"/>
        <UsageCount Value="8"/>
      </Unit15>
      <Unit16>
        <Filename Value="C:\laz_new\lazarus\lcl\controls.pp"/>
        <UnitName Value="Controls"/>
        <EditorIndex Value="-1"/>
        <TopLine Value="1768"/>
        <CursorPos X="14" Y="1772"/>
        <UsageCount Value="7"/>
      </Unit16>
      <Unit17>
        <Filename Value="C:\laz_new\fpcsrc\packages\rtl-generics\src\generics.collections.pas"/>
        <UnitName Value="Generics.Collections"/>
        <EditorIndex Value="-1"/>
        <TopLine Value="469"/>
        <UsageCount Value="8"/>
      </Unit17>
      <Unit18>
        <Filename Value="C:\laz_new\fpcsrc\packages\rtl-generics\src\inc\generics.dictionariesh.inc"/>
        <EditorIndex Value="-1"/>
        <TopLine Value="506"/>
        <CursorPos X="118" Y="614"/>
        <UsageCount Value="8"/>
      </Unit18>
      <Unit19>
        <Filename Value="C:\laz_new\fpcsrc\packages\fcl-db\src\base\bufdataset.pas"/>
        <UnitName Value="BufDataset"/>
        <EditorIndex Value="-1"/>
        <TopLine Value="687"/>
        <CursorPos X="14" Y="693"/>
        <UsageCount Value="25"/>
      </Unit19>
      <Unit20>
        <Filename Value="C:\laz_new\ccr\rxlib\rxdb\rxmemds.pas"/>
        <EditorIndex Value="-1"/>
        <TopLine Value="49"/>
        <CursorPos X="3" Y="52"/>
        <UsageCount Value="10"/>
      </Unit20>
      <Unit21>
        <Filename Value="C:\laz_new\lazarus\lcl\stdctrls.pp"/>
        <UnitName Value="StdCtrls"/>
        <EditorIndex Value="-1"/>
        <TopLine Value="258"/>
        <CursorPos X="31" Y="266"/>
        <UsageCount Value="10"/>
        <Bookmarks Count="1">
          <Item0 X="41" Y="265" ID="3"/>
        </Bookmarks>
      </Unit21>
      <Unit22>
        <Filename Value="C:\laz_new\lazarus\lcl\dbgrids.pas"/>
        <UnitName Value="DBGrids"/>
        <EditorIndex Value="-1"/>
        <TopLine Value="818"/>
        <CursorPos X="68" Y="62"/>
        <UsageCount Value="10"/>
      </Unit22>
    </Units>
    <Debugger>
      <Backend Value="{B03F610B-0B41-4F4B-816D-5925DEAA0040}"/>
    </Debugger>
    <JumpHistory Count="30" HistoryIndex="29">
      <Position1>
        <Filename Value="uselectregioncode.pas"/>
        <Caret Line="343" Column="2" TopLine="336"/>
      </Position1>
      <Position2>
        <Filename Value="uselectregioncode.pas"/>
        <Caret Line="360" Column="53" TopLine="354"/>
      </Position2>
      <Position3>
        <Filename Value="uselectregioncode.pas"/>
        <Caret Line="360" Column="90" TopLine="354"/>
      </Position3>
      <Position4>
        <Filename Value="uphonesedit.pas"/>
        <Caret Line="685" Column="3" TopLine="682"/>
      </Position4>
      <Position5>
        <Filename Value="uphonesedit.pas"/>
        <Caret Line="735" Column="3" TopLine="732"/>
      </Position5>
      <Position6>
        <Filename Value="uphonesedit.pas"/>
        <Caret Line="685" Column="3" TopLine="682"/>
      </Position6>
      <Position7>
        <Filename Value="uphonesedit.pas"/>
        <Caret Line="735" Column="3" TopLine="729"/>
      </Position7>
      <Position8>
        <Filename Value="uphonesedit.pas"/>
        <Caret Line="685" Column="3" TopLine="679"/>
      </Position8>
      <Position9>
        <Filename Value="uphonesedit.pas"/>
        <Caret Line="735" Column="3" TopLine="729"/>
      </Position9>
      <Position10>
        <Filename Value="uphonesedit.pas"/>
        <Caret Line="685" Column="3" TopLine="679"/>
      </Position10>
      <Position11>
        <Filename Value="uphonesedit.pas"/>
        <Caret Line="737" Column="16" TopLine="729"/>
      </Position11>
      <Position12>
        <Filename Value="uphonesedit.pas"/>
        <Caret Line="297" Column="23" TopLine="291"/>
      </Position12>
      <Position13>
        <Filename Value="uphonesedit.pas"/>
        <Caret Line="746" Column="9" TopLine="742"/>
      </Position13>
      <Position14>
        <Filename Value="uphonespanelframe.pas"/>
        <Caret Line="36" Column="96" TopLine="27"/>
      </Position14>
      <Position15>
        <Filename Value="uselectregioncode.pas"/>
        <Caret Line="360" TopLine="351"/>
      </Position15>
      <Position16>
        <Filename Value="uselectcountrycode.pas"/>
        <Caret Line="69" Column="3" TopLine="69"/>
      </Position16>
      <Position17>
        <Filename Value="uselectcountrycode.pas"/>
        <Caret Line="129" TopLine="126"/>
      </Position17>
      <Position18>
        <Filename Value="uselectcountrycode.pas"/>
        <Caret Line="188" Column="7" TopLine="175"/>
      </Position18>
      <Position19>
        <Filename Value="uselectcountrycode.pas"/>
        <Caret Line="132" TopLine="123"/>
      </Position19>
      <Position20>
        <Filename Value="uselectcountrycode.pas"/>
        <Caret Line="188" Column="108" TopLine="160"/>
      </Position20>
      <Position21>
        <Filename Value="uselectregioncode.pas"/>
        <Caret Line="261" Column="34" TopLine="261"/>
      </Position21>
      <Position22>
        <Filename Value="uselectregioncode.pas"/>
        <Caret Line="279" TopLine="277"/>
      </Position22>
      <Position23>
        <Filename Value="uselectregioncode.pas"/>
        <Caret Line="340" Column="7" TopLine="337"/>
      </Position23>
      <Position24>
        <Filename Value="uselectregioncode.pas"/>
        <Caret Line="288" TopLine="283"/>
      </Position24>
      <Position25>
        <Filename Value="uphonesedit.pas"/>
        <Caret Line="736" TopLine="730"/>
      </Position25>
      <Position26>
        <Filename Value="uphonesedit.pas"/>
        <Caret Line="367" Column="6" TopLine="364"/>
      </Position26>
      <Position27>
        <Filename Value="uphonesedit.pas"/>
        <Caret Line="406" Column="3" TopLine="406"/>
      </Position27>
      <Position28>
        <Filename Value="uphonesedit.pas"/>
        <Caret Line="367" Column="48" TopLine="358"/>
      </Position28>
      <Position29>
        <Filename Value="uphonesedit.pas"/>
        <Caret Line="773" Column="8" TopLine="706"/>
      </Position29>
      <Position30>
        <Filename Value="uphonesedit.pas"/>
        <Caret Line="273" Column="3" TopLine="360"/>
      </Position30>
    </JumpHistory>
  </ProjectOptions>
  <CompilerOptions>
    <Version Value="11"/>
    <PathDelim Value="\"/>
    <Target>
      <Filename Value="debug/project1"/>
    </Target>
    <SearchPaths>
      <IncludeFiles Value="$(ProjOutDir)"/>
      <UnitOutputDirectory Value="lib\$(TargetCPU)-$(TargetOS)"/>
    </SearchPaths>
    <Parsing>
      <SyntaxOptions>
        <IncludeAssertionCode Value="True"/>
      </SyntaxOptions>
    </Parsing>
    <CodeGeneration>
      <Checks>
        <IOChecks Value="True"/>
        <RangeChecks Value="True"/>
        <OverflowChecks Value="True"/>
        <StackChecks Value="True"/>
      </Checks>
      <VerifyObjMethodCallValidity Value="True"/>
    </CodeGeneration>
    <Linking>
      <Debugging>
        <DebugInfoType Value="dsDwarf3"/>
        <UseExternalDbgSyms Value="True"/>
      </Debugging>
      <Options>
        <Win32>
          <GraphicApplication Value="True"/>
        </Win32>
      </Options>
    </Linking>
  </CompilerOptions>
  <Debugging>
    <Watches Count="2">
      <Item1>
        <Expression Value="IDRegion"/>
      </Item1>
      <Item2>
        <Expression Value="IDCountry"/>
      </Item2>
    </Watches>
  </Debugging>
</CONFIG>
